
Microsoft Visual Studio Solution File, Format Version 12.00
# Visual Studio Version 17
VisualStudioVersion = 17.0.31903.59
MinimumVisualStudioVersion = 10.0.40219.1
Project("{2150E333-8FDC-42A3-9474-1A3956D46DE8}") = "src", "src", "{827E0CD3-B72D-47B6-A68D-7590B98EB39B}"
EndProject
Project("{FAE04EC0-301F-11D3-BF4B-00C04F79EFBC}") = "MarketPulse.Domain", "src\MarketPulse.Domain\MarketPulse.Domain.csproj", "{D626E986-48AB-4886-BED1-4BCC7A935177}"
EndProject
Project("{FAE04EC0-301F-11D3-BF4B-00C04F79EFBC}") = "MarketPulse.Application", "src\MarketPulse.Application\MarketPulse.Application.csproj", "{C6683AA9-9E21-45F0-8C91-C0BF9595DA67}"
EndProject
Project("{FAE04EC0-301F-11D3-BF4B-00C04F79EFBC}") = "MarketPulse.Infrastructure", "src\MarketPulse.Infrastructure\MarketPulse.Infrastructure.csproj", "{8011B9F8-FA0A-422C-AE20-226791BE6AFB}"
EndProject
Project("{FAE04EC0-301F-11D3-BF4B-00C04F79EFBC}") = "MarketPulse.API", "src\MarketPulse.API\MarketPulse.API.csproj", "{2F590EB7-A739-44A6-AC95-1419651BBA3E}"
EndProject
Global
	GlobalSection(SolutionConfigurationPlatforms) = preSolution
		Debug|Any CPU = Debug|Any CPU
		Debug|x64 = Debug|x64
		Debug|x86 = Debug|x86
		Release|Any CPU = Release|Any CPU
		Release|x64 = Release|x64
		Release|x86 = Release|x86
	EndGlobalSection
	GlobalSection(ProjectConfigurationPlatforms) = postSolution
		{D626E986-48AB-4886-BED1-4BCC7A935177}.Debug|Any CPU.ActiveCfg = Debug|Any CPU
		{D626E986-48AB-4886-BED1-4BCC7A935177}.Debug|Any CPU.Build.0 = Debug|Any CPU
		{D626E986-48AB-4886-BED1-4BCC7A935177}.Debug|x64.ActiveCfg = Debug|Any CPU
		{D626E986-48AB-4886-BED1-4BCC7A935177}.Debug|x64.Build.0 = Debug|Any CPU
		{D626E986-48AB-4886-BED1-4BCC7A935177}.Debug|x86.ActiveCfg = Debug|Any CPU
		{D626E986-48AB-4886-BED1-4BCC7A935177}.Debug|x86.Build.0 = Debug|Any CPU
		{D626E986-48AB-4886-BED1-4BCC7A935177}.Release|Any CPU.ActiveCfg = Release|Any CPU
		{D626E986-48AB-4886-BED1-4BCC7A935177}.Release|Any CPU.Build.0 = Release|Any CPU
		{D626E986-48AB-4886-BED1-4BCC7A935177}.Release|x64.ActiveCfg = Release|Any CPU
		{D626E986-48AB-4886-BED1-4BCC7A935177}.Release|x64.Build.0 = Release|Any CPU
		{D626E986-48AB-4886-BED1-4BCC7A935177}.Release|x86.ActiveCfg = Release|Any CPU
		{D626E986-48AB-4886-BED1-4BCC7A935177}.Release|x86.Build.0 = Release|Any CPU
		{C6683AA9-9E21-45F0-8C91-C0BF9595DA67}.Debug|Any CPU.ActiveCfg = Debug|Any CPU
		{C6683AA9-9E21-45F0-8C91-C0BF9595DA67}.Debug|Any CPU.Build.0 = Debug|Any CPU
		{C6683AA9-9E21-45F0-8C91-C0BF9595DA67}.Debug|x64.ActiveCfg = Debug|Any CPU
		{C6683AA9-9E21-45F0-8C91-C0BF9595DA67}.Debug|x64.Build.0 = Debug|Any CPU
		{C6683AA9-9E21-45F0-8C91-C0BF9595DA67}.Debug|x86.ActiveCfg = Debug|Any CPU
		{C6683AA9-9E21-45F0-8C91-C0BF9595DA67}.Debug|x86.Build.0 = Debug|Any CPU
		{C6683AA9-9E21-45F0-8C91-C0BF9595DA67}.Release|Any CPU.ActiveCfg = Release|Any CPU
		{C6683AA9-9E21-45F0-8C91-C0BF9595DA67}.Release|Any CPU.Build.0 = Release|Any CPU
		{C6683AA9-9E21-45F0-8C91-C0BF9595DA67}.Release|x64.ActiveCfg = Release|Any CPU
		{C6683AA9-9E21-45F0-8C91-C0BF9595DA67}.Release|x64.Build.0 = Release|Any CPU
		{C6683AA9-9E21-45F0-8C91-C0BF9595DA67}.Release|x86.ActiveCfg = Release|Any CPU
		{C6683AA9-9E21-45F0-8C91-C0BF9595DA67}.Release|x86.Build.0 = Release|Any CPU
		{8011B9F8-FA0A-422C-AE20-226791BE6AFB}.Debug|Any CPU.ActiveCfg = Debug|Any CPU
		{8011B9F8-FA0A-422C-AE20-226791BE6AFB}.Debug|Any CPU.Build.0 = Debug|Any CPU
		{8011B9F8-FA0A-422C-AE20-226791BE6AFB}.Debug|x64.ActiveCfg = Debug|Any CPU
		{8011B9F8-FA0A-422C-AE20-226791BE6AFB}.Debug|x64.Build.0 = Debug|Any CPU
		{8011B9F8-FA0A-422C-AE20-226791BE6AFB}.Debug|x86.ActiveCfg = Debug|Any CPU
		{8011B9F8-FA0A-422C-AE20-226791BE6AFB}.Debug|x86.Build.0 = Debug|Any CPU
		{8011B9F8-FA0A-422C-AE20-226791BE6AFB}.Release|Any CPU.ActiveCfg = Release|Any CPU
		{8011B9F8-FA0A-422C-AE20-226791BE6AFB}.Release|Any CPU.Build.0 = Release|Any CPU
		{8011B9F8-FA0A-422C-AE20-226791BE6AFB}.Release|x64.ActiveCfg = Release|Any CPU
		{8011B9F8-FA0A-422C-AE20-226791BE6AFB}.Release|x64.Build.0 = Release|Any CPU
		{8011B9F8-FA0A-422C-AE20-226791BE6AFB}.Release|x86.ActiveCfg = Release|Any CPU
		{8011B9F8-FA0A-422C-AE20-226791BE6AFB}.Release|x86.Build.0 = Release|Any CPU
		{2F590EB7-A739-44A6-AC95-1419651BBA3E}.Debug|Any CPU.ActiveCfg = Debug|Any CPU
		{2F590EB7-A739-44A6-AC95-1419651BBA3E}.Debug|Any CPU.Build.0 = Debug|Any CPU
		{2F590EB7-A739-44A6-AC95-1419651BBA3E}.Debug|x64.ActiveCfg = Debug|Any CPU
		{2F590EB7-A739-44A6-AC95-1419651BBA3E}.Debug|x64.Build.0 = Debug|Any CPU
		{2F590EB7-A739-44A6-AC95-1419651BBA3E}.Debug|x86.ActiveCfg = Debug|Any CPU
		{2F590EB7-A739-44A6-AC95-1419651BBA3E}.Debug|x86.Build.0 = Debug|Any CPU
		{2F590EB7-A739-44A6-AC95-1419651BBA3E}.Release|Any CPU.ActiveCfg = Release|Any CPU
		{2F590EB7-A739-44A6-AC95-1419651BBA3E}.Release|Any CPU.Build.0 = Release|Any CPU
		{2F590EB7-A739-44A6-AC95-1419651BBA3E}.Release|x64.ActiveCfg = Release|Any CPU
		{2F590EB7-A739-44A6-AC95-1419651BBA3E}.Release|x64.Build.0 = Release|Any CPU
		{2F590EB7-A739-44A6-AC95-1419651BBA3E}.Release|x86.ActiveCfg = Release|Any CPU
		{2F590EB7-A739-44A6-AC95-1419651BBA3E}.Release|x86.Build.0 = Release|Any CPU
	EndGlobalSection
	GlobalSection(SolutionProperties) = preSolution
		HideSolutionNode = FALSE
	EndGlobalSection
	GlobalSection(NestedProjects) = preSolution
		{D626E986-48AB-4886-BED1-4BCC7A935177} = {827E0CD3-B72D-47B6-A68D-7590B98EB39B}
		{C6683AA9-9E21-45F0-8C91-C0BF9595DA67} = {827E0CD3-B72D-47B6-A68D-7590B98EB39B}
		{8011B9F8-FA0A-422C-AE20-226791BE6AFB} = {827E0CD3-B72D-47B6-A68D-7590B98EB39B}
		{2F590EB7-A739-44A6-AC95-1419651BBA3E} = {827E0CD3-B72D-47B6-A68D-7590B98EB39B}
	EndGlobalSection
EndGlobal
